
Microsoft Visual Studio Solution File, Format Version 12.00
# Visual Studio Version 17
VisualStudioVersion = 17.9.34902.65
MinimumVisualStudioVersion = 10.0.40219.1
Project("{FAE04EC0-301F-11D3-BF4B-00C04F79EFBC}") = "ShellContextMenu", "ShellContextMenu\ShellContextMenu.csproj", "{B8017CBA-9CA8-4CF4-B15E-D149787A6A14}"
EndProject
Project("{2150E333-8FDC-42A3-9474-1A3956D46DE8}") = "Solution Items", "Solution Items", "{C691B854-3F63-4568-9888-C25E92551A9A}"
	ProjectSection(SolutionItems) = preProject
		publish.ps1 = publish.ps1
	EndProjectSection
EndProject
Global
	GlobalSection(SolutionConfigurationPlatforms) = preSolution
		Debug|Any CPU = Debug|Any CPU
		Release|Any CPU = Release|Any CPU
	EndGlobalSection
	GlobalSection(ProjectConfigurationPlatforms) = postSolution
		{B8017CBA-9CA8-4CF4-B15E-D149787A6A14}.Debug|Any CPU.ActiveCfg = Debug|Any CPU
		{B8017CBA-9CA8-4CF4-B15E-D149787A6A14}.Debug|Any CPU.Build.0 = Debug|Any CPU
		{B8017CBA-9CA8-4CF4-B15E-D149787A6A14}.Release|Any CPU.ActiveCfg = Release|Any CPU
		{B8017CBA-9CA8-4CF4-B15E-D149787A6A14}.Release|Any CPU.Build.0 = Release|Any CPU
	EndGlobalSection
	GlobalSection(SolutionProperties) = preSolution
		HideSolutionNode = FALSE
	EndGlobalSection
	GlobalSection(ExtensibilityGlobals) = postSolution
		SolutionGuid = {EF93B3B3-6282-40A7-82A2-223FE922E53F}
	EndGlobalSection
EndGlobal
